
Microsoft Visual Studio Solution File, Format Version 12.00
# Visual Studio Version 17
VisualStudioVersion = 17.9.34622.214
MinimumVisualStudioVersion = 10.0.40219.1
Project("{9A19103F-16F7-4668-BE54-9A1E7A4F7556}") = "Choike", "Choike\Choike.csproj", "{C19D114F-FE66-48D9-83FF-FB72FDE490C0}"
EndProject
Project("{9A19103F-16F7-4668-BE54-9A1E7A4F7556}") = "Choike.Desktop", "Choike.Desktop\Choike.Desktop.csproj", "{5B418290-DBC9-4192-A597-FDAC84F25B2A}"
EndProject
Global
	GlobalSection(SolutionConfigurationPlatforms) = preSolution
		Debug|Any CPU = Debug|Any CPU
		Release|Any CPU = Release|Any CPU
	EndGlobalSection
	GlobalSection(ProjectConfigurationPlatforms) = postSolution
		{C19D114F-FE66-48D9-83FF-FB72FDE490C0}.Debug|Any CPU.ActiveCfg = Debug|Any CPU
		{C19D114F-FE66-48D9-83FF-FB72FDE490C0}.Debug|Any CPU.Build.0 = Debug|Any CPU
		{C19D114F-FE66-48D9-83FF-FB72FDE490C0}.Release|Any CPU.ActiveCfg = Release|Any CPU
		{C19D114F-FE66-48D9-83FF-FB72FDE490C0}.Release|Any CPU.Build.0 = Release|Any CPU
		{5B418290-DBC9-4192-A597-FDAC84F25B2A}.Debug|Any CPU.ActiveCfg = Debug|Any CPU
		{5B418290-DBC9-4192-A597-FDAC84F25B2A}.Debug|Any CPU.Build.0 = Debug|Any CPU
		{5B418290-DBC9-4192-A597-FDAC84F25B2A}.Release|Any CPU.ActiveCfg = Release|Any CPU
		{5B418290-DBC9-4192-A597-FDAC84F25B2A}.Release|Any CPU.Build.0 = Release|Any CPU
	EndGlobalSection
	GlobalSection(SolutionProperties) = preSolution
		HideSolutionNode = FALSE
	EndGlobalSection
	GlobalSection(ExtensibilityGlobals) = postSolution
		SolutionGuid = {E92054E6-06A7-4758-B1A9-31CF5646509B}
	EndGlobalSection
EndGlobal
